
Microsoft Visual Studio Solution File, Format Version 12.00
# Visual Studio Version 16
VisualStudioVersion = 16.0.32510.428
MinimumVisualStudioVersion = 10.0.40219.1
Project("{FAE04EC0-301F-11D3-BF4B-00C04F79EFBC}") = "FirstExample_WebApi", "FirstExample_WebApi\FirstExample_WebApi.csproj", "{D07EB856-9BB2-4A63-96BF-5F359F4A9CB4}"
EndProject
Project("{2150E333-8FDC-42A3-9474-1A3956D46DE8}") = "Solution Items", "Solution Items", "{98B85B8D-89AC-4843-A7B0-36AC5EBD0CC9}"
	ProjectSection(SolutionItems) = preProject
		Notes.txt = Notes.txt
	EndProjectSection
EndProject
Global
	GlobalSection(SolutionConfigurationPlatforms) = preSolution
		Debug|Any CPU = Debug|Any CPU
		Release|Any CPU = Release|Any CPU
	EndGlobalSection
	GlobalSection(ProjectConfigurationPlatforms) = postSolution
		{D07EB856-9BB2-4A63-96BF-5F359F4A9CB4}.Debug|Any CPU.ActiveCfg = Debug|Any CPU
		{D07EB856-9BB2-4A63-96BF-5F359F4A9CB4}.Debug|Any CPU.Build.0 = Debug|Any CPU
		{D07EB856-9BB2-4A63-96BF-5F359F4A9CB4}.Release|Any CPU.ActiveCfg = Release|Any CPU
		{D07EB856-9BB2-4A63-96BF-5F359F4A9CB4}.Release|Any CPU.Build.0 = Release|Any CPU
	EndGlobalSection
	GlobalSection(SolutionProperties) = preSolution
		HideSolutionNode = FALSE
	EndGlobalSection
	GlobalSection(ExtensibilityGlobals) = postSolution
		SolutionGuid = {1947FCA3-77DC-4B63-ADB2-6E60F1B6DA07}
	EndGlobalSection
EndGlobal
